
Microsoft Visual Studio Solution File, Format Version 12.00
# Visual Studio Version 16
VisualStudioVersion = 16.0.31205.134
MinimumVisualStudioVersion = 10.0.40219.1
Project("{FAE04EC0-301F-11D3-BF4B-00C04F79EFBC}") = "CinemaSchedule", "CinemaSchedule\CinemaSchedule.csproj", "{97AE84E7-EE05-4BAA-BC3B-1FE5C6657A0F}"
EndProject
Project("{FAE04EC0-301F-11D3-BF4B-00C04F79EFBC}") = "CinemaSchedule.Tests", "CinemaSchedule.Tests\CinemaSchedule.Tests.csproj", "{4DBBEE00-0D71-4198-91DD-C849A31D9749}"
EndProject
Global
	GlobalSection(SolutionConfigurationPlatforms) = preSolution
		Debug|Any CPU = Debug|Any CPU
		Release|Any CPU = Release|Any CPU
	EndGlobalSection
	GlobalSection(ProjectConfigurationPlatforms) = postSolution
		{97AE84E7-EE05-4BAA-BC3B-1FE5C6657A0F}.Debug|Any CPU.ActiveCfg = Debug|Any CPU
		{97AE84E7-EE05-4BAA-BC3B-1FE5C6657A0F}.Debug|Any CPU.Build.0 = Debug|Any CPU
		{97AE84E7-EE05-4BAA-BC3B-1FE5C6657A0F}.Release|Any CPU.ActiveCfg = Release|Any CPU
		{97AE84E7-EE05-4BAA-BC3B-1FE5C6657A0F}.Release|Any CPU.Build.0 = Release|Any CPU
		{4DBBEE00-0D71-4198-91DD-C849A31D9749}.Debug|Any CPU.ActiveCfg = Debug|Any CPU
		{4DBBEE00-0D71-4198-91DD-C849A31D9749}.Debug|Any CPU.Build.0 = Debug|Any CPU
		{4DBBEE00-0D71-4198-91DD-C849A31D9749}.Release|Any CPU.ActiveCfg = Release|Any CPU
		{4DBBEE00-0D71-4198-91DD-C849A31D9749}.Release|Any CPU.Build.0 = Release|Any CPU
	EndGlobalSection
	GlobalSection(SolutionProperties) = preSolution
		HideSolutionNode = FALSE
	EndGlobalSection
	GlobalSection(ExtensibilityGlobals) = postSolution
		SolutionGuid = {4A311701-D962-4EBD-A4D4-4AD00634B54E}
	EndGlobalSection
EndGlobal
